
Microsoft Visual Studio Solution File, Format Version 12.00
Project("{FAE04EC0-301F-11D3-BF4B-00C04F79EFBC}") = "Controller.Menu", "Controller.Menu\Controller.Menu.csproj", "{0FE8DDF1-0D4C-4B28-8C22-DADA98D0CD45}"
EndProject
Project("{FAE04EC0-301F-11D3-BF4B-00C04F79EFBC}") = "ConsoleApp.BattleShip", "ConsoleApp.BattleShip\ConsoleApp.BattleShip.csproj", "{ED079D1B-7F43-4629-909F-DFB650A6EC9A}"
EndProject
Project("{FAE04EC0-301F-11D3-BF4B-00C04F79EFBC}") = "Controller.Battleship", "Controller.Battleship\Controller.Battleship.csproj", "{1D5F30C1-8DCB-466F-9456-2B850D1FAF07}"
EndProject
Project("{FAE04EC0-301F-11D3-BF4B-00C04F79EFBC}") = "ConsoleUI.Battleship", "ConsoleUI.Battleship\ConsoleUI.Battleship.csproj", "{EF656B83-BEA4-4B30-A522-FC6236CF4B76}"
EndProject
Project("{2150E333-8FDC-42A3-9474-1A3956D46DE8}") = "MenuSystem", "MenuSystem", "{FAD3135B-799E-4EE6-AC23-7D415A884873}"
EndProject
Project("{2150E333-8FDC-42A3-9474-1A3956D46DE8}") = "CalculatorSystem", "CalculatorSystem", "{F114102E-76F6-4C25-8BDA-C4AD9A1C4866}"
EndProject
Project("{2150E333-8FDC-42A3-9474-1A3956D46DE8}") = "BattleShipSystem", "BattleShipSystem", "{79009AF6-BE71-4E40-9059-947AB0C67991}"
EndProject
Project("{FAE04EC0-301F-11D3-BF4B-00C04F79EFBC}") = "BLL.Battleship", "BLL.Battleship\BLL.Battleship.csproj", "{E40E7267-58A4-43F5-A23A-A78F5087BF03}"
EndProject
Project("{FAE04EC0-301F-11D3-BF4B-00C04F79EFBC}") = "BLL.Menu", "BLL.Menu\BLL.Menu.csproj", "{3EFFF328-0461-476D-AC3C-60AE104B0537}"
EndProject
Project("{FAE04EC0-301F-11D3-BF4B-00C04F79EFBC}") = "ConsoleUI.Menu", "ConsoleUI.Menu\ConsoleUI.Menu.csproj", "{9E2E8D93-3746-4ED5-A1ED-A927B96FBFF2}"
EndProject
Project("{2150E333-8FDC-42A3-9474-1A3956D46DE8}") = "SolutionItems", "SolutionItems", "{D645D113-90EC-45CF-BE80-1DE51C1D4E22}"
ProjectSection(SolutionItems) = preProject
	Directory.Build.props = Directory.Build.props
	Tasks.txt = Tasks.txt
	Sounds.Battleship\Explosion.wav = Sounds.Battleship\Explosion.wav
	Sounds.Battleship\Intro.wav = Sounds.Battleship\Intro.wav
	Sounds.Battleship\Splash.wav = Sounds.Battleship\Splash.wav
EndProjectSection
EndProject
Project("{FAE04EC0-301F-11D3-BF4B-00C04F79EFBC}") = "Domain.Battleship", "Domain.Battleship\Domain.Battleship.csproj", "{B2665FE4-0A08-47F2-8AB5-708BF0B553BC}"
EndProject
Project("{FAE04EC0-301F-11D3-BF4B-00C04F79EFBC}") = "DAL.Battleship", "DAL.Battleship\DAL.Battleship.csproj", "{48F30854-0112-4E1C-B07C-AF6DA93DC1C5}"
EndProject
Project("{FAE04EC0-301F-11D3-BF4B-00C04F79EFBC}") = "WebApp.BattleShip", "WebApp.BattleShip\WebApp.BattleShip.csproj", "{AAA82AE9-0EEF-49FE-80C5-A2D7990B9D1C}"
EndProject
Project("{FAE04EC0-301F-11D3-BF4B-00C04F79EFBC}") = "Controller.Calculator", "Controller.Calculator\Controller.Calculator.csproj", "{869C9432-7905-4C97-B6C1-FA6C89AA4688}"
EndProject
Project("{FAE04EC0-301F-11D3-BF4B-00C04F79EFBC}") = "ConsoleUI.Calculator", "ConsoleUI.Calculator\ConsoleUI.Calculator.csproj", "{84A43D4E-54E2-4668-975A-5ABD77CB1F23}"
EndProject
Project("{FAE04EC0-301F-11D3-BF4B-00C04F79EFBC}") = "BLL.Calculator", "BLL.Calculator\BLL.Calculator.csproj", "{72012086-6001-4DD6-98A3-D07A2ED5ADC2}"
EndProject
Project("{FAE04EC0-301F-11D3-BF4B-00C04F79EFBC}") = "ConsoleApp.Calculator", "ConsoleApp.Calculator\ConsoleApp.Calculator.csproj", "{B47236D6-BE40-46FF-80FA-69C3C89DFA39}"
EndProject
Global
	GlobalSection(SolutionConfigurationPlatforms) = preSolution
		Debug|Any CPU = Debug|Any CPU
		Release|Any CPU = Release|Any CPU
	EndGlobalSection
	GlobalSection(ProjectConfigurationPlatforms) = postSolution
		{0FE8DDF1-0D4C-4B28-8C22-DADA98D0CD45}.Debug|Any CPU.ActiveCfg = Debug|Any CPU
		{0FE8DDF1-0D4C-4B28-8C22-DADA98D0CD45}.Debug|Any CPU.Build.0 = Debug|Any CPU
		{0FE8DDF1-0D4C-4B28-8C22-DADA98D0CD45}.Release|Any CPU.ActiveCfg = Release|Any CPU
		{0FE8DDF1-0D4C-4B28-8C22-DADA98D0CD45}.Release|Any CPU.Build.0 = Release|Any CPU
		{ED079D1B-7F43-4629-909F-DFB650A6EC9A}.Debug|Any CPU.ActiveCfg = Debug|Any CPU
		{ED079D1B-7F43-4629-909F-DFB650A6EC9A}.Debug|Any CPU.Build.0 = Debug|Any CPU
		{ED079D1B-7F43-4629-909F-DFB650A6EC9A}.Release|Any CPU.ActiveCfg = Release|Any CPU
		{ED079D1B-7F43-4629-909F-DFB650A6EC9A}.Release|Any CPU.Build.0 = Release|Any CPU
		{1D5F30C1-8DCB-466F-9456-2B850D1FAF07}.Debug|Any CPU.ActiveCfg = Debug|Any CPU
		{1D5F30C1-8DCB-466F-9456-2B850D1FAF07}.Debug|Any CPU.Build.0 = Debug|Any CPU
		{1D5F30C1-8DCB-466F-9456-2B850D1FAF07}.Release|Any CPU.ActiveCfg = Release|Any CPU
		{1D5F30C1-8DCB-466F-9456-2B850D1FAF07}.Release|Any CPU.Build.0 = Release|Any CPU
		{EF656B83-BEA4-4B30-A522-FC6236CF4B76}.Debug|Any CPU.ActiveCfg = Debug|Any CPU
		{EF656B83-BEA4-4B30-A522-FC6236CF4B76}.Debug|Any CPU.Build.0 = Debug|Any CPU
		{EF656B83-BEA4-4B30-A522-FC6236CF4B76}.Release|Any CPU.ActiveCfg = Release|Any CPU
		{EF656B83-BEA4-4B30-A522-FC6236CF4B76}.Release|Any CPU.Build.0 = Release|Any CPU
		{E40E7267-58A4-43F5-A23A-A78F5087BF03}.Debug|Any CPU.ActiveCfg = Debug|Any CPU
		{E40E7267-58A4-43F5-A23A-A78F5087BF03}.Debug|Any CPU.Build.0 = Debug|Any CPU
		{E40E7267-58A4-43F5-A23A-A78F5087BF03}.Release|Any CPU.ActiveCfg = Release|Any CPU
		{E40E7267-58A4-43F5-A23A-A78F5087BF03}.Release|Any CPU.Build.0 = Release|Any CPU
		{3EFFF328-0461-476D-AC3C-60AE104B0537}.Debug|Any CPU.ActiveCfg = Debug|Any CPU
		{3EFFF328-0461-476D-AC3C-60AE104B0537}.Debug|Any CPU.Build.0 = Debug|Any CPU
		{3EFFF328-0461-476D-AC3C-60AE104B0537}.Release|Any CPU.ActiveCfg = Release|Any CPU
		{3EFFF328-0461-476D-AC3C-60AE104B0537}.Release|Any CPU.Build.0 = Release|Any CPU
		{9E2E8D93-3746-4ED5-A1ED-A927B96FBFF2}.Debug|Any CPU.ActiveCfg = Debug|Any CPU
		{9E2E8D93-3746-4ED5-A1ED-A927B96FBFF2}.Debug|Any CPU.Build.0 = Debug|Any CPU
		{9E2E8D93-3746-4ED5-A1ED-A927B96FBFF2}.Release|Any CPU.ActiveCfg = Release|Any CPU
		{9E2E8D93-3746-4ED5-A1ED-A927B96FBFF2}.Release|Any CPU.Build.0 = Release|Any CPU
		{B2665FE4-0A08-47F2-8AB5-708BF0B553BC}.Debug|Any CPU.ActiveCfg = Debug|Any CPU
		{B2665FE4-0A08-47F2-8AB5-708BF0B553BC}.Debug|Any CPU.Build.0 = Debug|Any CPU
		{B2665FE4-0A08-47F2-8AB5-708BF0B553BC}.Release|Any CPU.ActiveCfg = Release|Any CPU
		{B2665FE4-0A08-47F2-8AB5-708BF0B553BC}.Release|Any CPU.Build.0 = Release|Any CPU
		{48F30854-0112-4E1C-B07C-AF6DA93DC1C5}.Debug|Any CPU.ActiveCfg = Debug|Any CPU
		{48F30854-0112-4E1C-B07C-AF6DA93DC1C5}.Debug|Any CPU.Build.0 = Debug|Any CPU
		{48F30854-0112-4E1C-B07C-AF6DA93DC1C5}.Release|Any CPU.ActiveCfg = Release|Any CPU
		{48F30854-0112-4E1C-B07C-AF6DA93DC1C5}.Release|Any CPU.Build.0 = Release|Any CPU
		{AAA82AE9-0EEF-49FE-80C5-A2D7990B9D1C}.Debug|Any CPU.ActiveCfg = Debug|Any CPU
		{AAA82AE9-0EEF-49FE-80C5-A2D7990B9D1C}.Debug|Any CPU.Build.0 = Debug|Any CPU
		{AAA82AE9-0EEF-49FE-80C5-A2D7990B9D1C}.Release|Any CPU.ActiveCfg = Release|Any CPU
		{AAA82AE9-0EEF-49FE-80C5-A2D7990B9D1C}.Release|Any CPU.Build.0 = Release|Any CPU
		{869C9432-7905-4C97-B6C1-FA6C89AA4688}.Debug|Any CPU.ActiveCfg = Debug|Any CPU
		{869C9432-7905-4C97-B6C1-FA6C89AA4688}.Debug|Any CPU.Build.0 = Debug|Any CPU
		{869C9432-7905-4C97-B6C1-FA6C89AA4688}.Release|Any CPU.ActiveCfg = Release|Any CPU
		{869C9432-7905-4C97-B6C1-FA6C89AA4688}.Release|Any CPU.Build.0 = Release|Any CPU
		{84A43D4E-54E2-4668-975A-5ABD77CB1F23}.Debug|Any CPU.ActiveCfg = Debug|Any CPU
		{84A43D4E-54E2-4668-975A-5ABD77CB1F23}.Debug|Any CPU.Build.0 = Debug|Any CPU
		{84A43D4E-54E2-4668-975A-5ABD77CB1F23}.Release|Any CPU.ActiveCfg = Release|Any CPU
		{84A43D4E-54E2-4668-975A-5ABD77CB1F23}.Release|Any CPU.Build.0 = Release|Any CPU
		{72012086-6001-4DD6-98A3-D07A2ED5ADC2}.Debug|Any CPU.ActiveCfg = Debug|Any CPU
		{72012086-6001-4DD6-98A3-D07A2ED5ADC2}.Debug|Any CPU.Build.0 = Debug|Any CPU
		{72012086-6001-4DD6-98A3-D07A2ED5ADC2}.Release|Any CPU.ActiveCfg = Release|Any CPU
		{72012086-6001-4DD6-98A3-D07A2ED5ADC2}.Release|Any CPU.Build.0 = Release|Any CPU
		{B47236D6-BE40-46FF-80FA-69C3C89DFA39}.Debug|Any CPU.ActiveCfg = Debug|Any CPU
		{B47236D6-BE40-46FF-80FA-69C3C89DFA39}.Debug|Any CPU.Build.0 = Debug|Any CPU
		{B47236D6-BE40-46FF-80FA-69C3C89DFA39}.Release|Any CPU.ActiveCfg = Release|Any CPU
		{B47236D6-BE40-46FF-80FA-69C3C89DFA39}.Release|Any CPU.Build.0 = Release|Any CPU
	EndGlobalSection
	GlobalSection(NestedProjects) = preSolution
		{ED079D1B-7F43-4629-909F-DFB650A6EC9A} = {79009AF6-BE71-4E40-9059-947AB0C67991}
		{EF656B83-BEA4-4B30-A522-FC6236CF4B76} = {79009AF6-BE71-4E40-9059-947AB0C67991}
		{1D5F30C1-8DCB-466F-9456-2B850D1FAF07} = {79009AF6-BE71-4E40-9059-947AB0C67991}
		{0FE8DDF1-0D4C-4B28-8C22-DADA98D0CD45} = {FAD3135B-799E-4EE6-AC23-7D415A884873}
		{E40E7267-58A4-43F5-A23A-A78F5087BF03} = {79009AF6-BE71-4E40-9059-947AB0C67991}
		{3EFFF328-0461-476D-AC3C-60AE104B0537} = {FAD3135B-799E-4EE6-AC23-7D415A884873}
		{9E2E8D93-3746-4ED5-A1ED-A927B96FBFF2} = {FAD3135B-799E-4EE6-AC23-7D415A884873}
		{B2665FE4-0A08-47F2-8AB5-708BF0B553BC} = {79009AF6-BE71-4E40-9059-947AB0C67991}
		{48F30854-0112-4E1C-B07C-AF6DA93DC1C5} = {79009AF6-BE71-4E40-9059-947AB0C67991}
		{AAA82AE9-0EEF-49FE-80C5-A2D7990B9D1C} = {79009AF6-BE71-4E40-9059-947AB0C67991}
		{869C9432-7905-4C97-B6C1-FA6C89AA4688} = {F114102E-76F6-4C25-8BDA-C4AD9A1C4866}
		{84A43D4E-54E2-4668-975A-5ABD77CB1F23} = {F114102E-76F6-4C25-8BDA-C4AD9A1C4866}
		{72012086-6001-4DD6-98A3-D07A2ED5ADC2} = {F114102E-76F6-4C25-8BDA-C4AD9A1C4866}
		{B47236D6-BE40-46FF-80FA-69C3C89DFA39} = {F114102E-76F6-4C25-8BDA-C4AD9A1C4866}
	EndGlobalSection
EndGlobal
